
Microsoft Visual Studio Solution File, Format Version 12.00
# Visual Studio 15
VisualStudioVersion = 15.0.28307.329
MinimumVisualStudioVersion = 10.0.40219.1
Project("{FAE04EC0-301F-11D3-BF4B-00C04F79EFBC}") = "Foreach", "Foreach\Foreach.csproj", "{AF9B2282-2742-4351-A90B-8420D54FF2C9}"
EndProject
Global
	GlobalSection(SolutionConfigurationPlatforms) = preSolution
		Debug|Any CPU = Debug|Any CPU
		Release|Any CPU = Release|Any CPU
	EndGlobalSection
	GlobalSection(ProjectConfigurationPlatforms) = postSolution
		{AF9B2282-2742-4351-A90B-8420D54FF2C9}.Debug|Any CPU.ActiveCfg = Debug|Any CPU
		{AF9B2282-2742-4351-A90B-8420D54FF2C9}.Debug|Any CPU.Build.0 = Debug|Any CPU
		{AF9B2282-2742-4351-A90B-8420D54FF2C9}.Release|Any CPU.ActiveCfg = Release|Any CPU
		{AF9B2282-2742-4351-A90B-8420D54FF2C9}.Release|Any CPU.Build.0 = Release|Any CPU
	EndGlobalSection
	GlobalSection(SolutionProperties) = preSolution
		HideSolutionNode = FALSE
	EndGlobalSection
	GlobalSection(ExtensibilityGlobals) = postSolution
		SolutionGuid = {AFB0D25E-3A1C-4E72-8973-FEF1CCF1667E}
	EndGlobalSection
EndGlobal
