
Microsoft Visual Studio Solution File, Format Version 12.00
# Visual Studio 15
VisualStudioVersion = 15.0.28307.329
MinimumVisualStudioVersion = 10.0.40219.1
Project("{FAE04EC0-301F-11D3-BF4B-00C04F79EFBC}") = "OOPGiris", "OOPGiris\OOPGiris.csproj", "{8640BE69-34C9-46B6-8D09-806FC21DFBCE}"
EndProject
Global
	GlobalSection(SolutionConfigurationPlatforms) = preSolution
		Debug|Any CPU = Debug|Any CPU
		Release|Any CPU = Release|Any CPU
	EndGlobalSection
	GlobalSection(ProjectConfigurationPlatforms) = postSolution
		{8640BE69-34C9-46B6-8D09-806FC21DFBCE}.Debug|Any CPU.ActiveCfg = Debug|Any CPU
		{8640BE69-34C9-46B6-8D09-806FC21DFBCE}.Debug|Any CPU.Build.0 = Debug|Any CPU
		{8640BE69-34C9-46B6-8D09-806FC21DFBCE}.Release|Any CPU.ActiveCfg = Release|Any CPU
		{8640BE69-34C9-46B6-8D09-806FC21DFBCE}.Release|Any CPU.Build.0 = Release|Any CPU
	EndGlobalSection
	GlobalSection(SolutionProperties) = preSolution
		HideSolutionNode = FALSE
	EndGlobalSection
	GlobalSection(ExtensibilityGlobals) = postSolution
		SolutionGuid = {6D161200-56C4-4CD9-AF43-B2373628D555}
	EndGlobalSection
EndGlobal
