
Microsoft Visual Studio Solution File, Format Version 12.00
# Visual Studio 15
VisualStudioVersion = 15.0.28307.329
MinimumVisualStudioVersion = 10.0.40219.1
Project("{FAE04EC0-301F-11D3-BF4B-00C04F79EFBC}") = "PerformansCounter", "PerformansCounter\PerformansCounter.csproj", "{BEEA6F02-A6DB-40DB-8CFB-9AFC848C7867}"
EndProject
Global
	GlobalSection(SolutionConfigurationPlatforms) = preSolution
		Debug|Any CPU = Debug|Any CPU
		Release|Any CPU = Release|Any CPU
	EndGlobalSection
	GlobalSection(ProjectConfigurationPlatforms) = postSolution
		{BEEA6F02-A6DB-40DB-8CFB-9AFC848C7867}.Debug|Any CPU.ActiveCfg = Debug|Any CPU
		{BEEA6F02-A6DB-40DB-8CFB-9AFC848C7867}.Debug|Any CPU.Build.0 = Debug|Any CPU
		{BEEA6F02-A6DB-40DB-8CFB-9AFC848C7867}.Release|Any CPU.ActiveCfg = Release|Any CPU
		{BEEA6F02-A6DB-40DB-8CFB-9AFC848C7867}.Release|Any CPU.Build.0 = Release|Any CPU
	EndGlobalSection
	GlobalSection(SolutionProperties) = preSolution
		HideSolutionNode = FALSE
	EndGlobalSection
	GlobalSection(ExtensibilityGlobals) = postSolution
		SolutionGuid = {9A35AE4E-CCB9-45B8-B0E1-E71008773C5E}
	EndGlobalSection
EndGlobal
