
Microsoft Visual Studio Solution File, Format Version 12.00
# Visual Studio Version 16
VisualStudioVersion = 16.0.30804.86
MinimumVisualStudioVersion = 10.0.40219.1
Project("{FAE04EC0-301F-11D3-BF4B-00C04F79EFBC}") = "Translate", "Translate\Translate.csproj", "{2E08ABE7-AE5D-4645-812C-730999253CDD}"
EndProject
Global
	GlobalSection(SolutionConfigurationPlatforms) = preSolution
		Debug|Any CPU = Debug|Any CPU
		Release|Any CPU = Release|Any CPU
	EndGlobalSection
	GlobalSection(ProjectConfigurationPlatforms) = postSolution
		{2E08ABE7-AE5D-4645-812C-730999253CDD}.Debug|Any CPU.ActiveCfg = Debug|Any CPU
		{2E08ABE7-AE5D-4645-812C-730999253CDD}.Debug|Any CPU.Build.0 = Debug|Any CPU
		{2E08ABE7-AE5D-4645-812C-730999253CDD}.Release|Any CPU.ActiveCfg = Release|Any CPU
		{2E08ABE7-AE5D-4645-812C-730999253CDD}.Release|Any CPU.Build.0 = Release|Any CPU
	EndGlobalSection
	GlobalSection(SolutionProperties) = preSolution
		HideSolutionNode = FALSE
	EndGlobalSection
	GlobalSection(ExtensibilityGlobals) = postSolution
		SolutionGuid = {8E4D3CF7-56E9-49FF-8E28-7453ABF51890}
	EndGlobalSection
EndGlobal
