
Microsoft Visual Studio Solution File, Format Version 12.00
# Visual Studio Version 16
VisualStudioVersion = 16.0.30804.86
MinimumVisualStudioVersion = 10.0.40219.1
Project("{FAE04EC0-301F-11D3-BF4B-00C04F79EFBC}") = "Barcode", "Barcode\Barcode.csproj", "{872CCF6E-2F23-4A33-8F1E-659722068652}"
EndProject
Global
	GlobalSection(SolutionConfigurationPlatforms) = preSolution
		Debug|Any CPU = Debug|Any CPU
		Release|Any CPU = Release|Any CPU
	EndGlobalSection
	GlobalSection(ProjectConfigurationPlatforms) = postSolution
		{872CCF6E-2F23-4A33-8F1E-659722068652}.Debug|Any CPU.ActiveCfg = Debug|Any CPU
		{872CCF6E-2F23-4A33-8F1E-659722068652}.Debug|Any CPU.Build.0 = Debug|Any CPU
		{872CCF6E-2F23-4A33-8F1E-659722068652}.Release|Any CPU.ActiveCfg = Release|Any CPU
		{872CCF6E-2F23-4A33-8F1E-659722068652}.Release|Any CPU.Build.0 = Release|Any CPU
	EndGlobalSection
	GlobalSection(SolutionProperties) = preSolution
		HideSolutionNode = FALSE
	EndGlobalSection
	GlobalSection(ExtensibilityGlobals) = postSolution
		SolutionGuid = {1AFB12A5-F16F-40EB-818F-61AED27273D6}
	EndGlobalSection
EndGlobal
