
Microsoft Visual Studio Solution File, Format Version 12.00
# Visual Studio Version 16
VisualStudioVersion = 16.0.30804.86
MinimumVisualStudioVersion = 10.0.40219.1
Project("{FAE04EC0-301F-11D3-BF4B-00C04F79EFBC}") = "Pizza", "Pizza\Pizza.csproj", "{E885649F-7F83-4AFD-9563-560862BFC107}"
EndProject
Global
	GlobalSection(SolutionConfigurationPlatforms) = preSolution
		Debug|Any CPU = Debug|Any CPU
		Release|Any CPU = Release|Any CPU
	EndGlobalSection
	GlobalSection(ProjectConfigurationPlatforms) = postSolution
		{E885649F-7F83-4AFD-9563-560862BFC107}.Debug|Any CPU.ActiveCfg = Debug|Any CPU
		{E885649F-7F83-4AFD-9563-560862BFC107}.Debug|Any CPU.Build.0 = Debug|Any CPU
		{E885649F-7F83-4AFD-9563-560862BFC107}.Release|Any CPU.ActiveCfg = Release|Any CPU
		{E885649F-7F83-4AFD-9563-560862BFC107}.Release|Any CPU.Build.0 = Release|Any CPU
	EndGlobalSection
	GlobalSection(SolutionProperties) = preSolution
		HideSolutionNode = FALSE
	EndGlobalSection
	GlobalSection(ExtensibilityGlobals) = postSolution
		SolutionGuid = {911561F3-B62C-45F9-A8CC-3A607FD7DF27}
	EndGlobalSection
EndGlobal
