
Microsoft Visual Studio Solution File, Format Version 12.00
# Visual Studio Version 16
VisualStudioVersion = 16.0.30804.86
MinimumVisualStudioVersion = 10.0.40219.1
Project("{FAE04EC0-301F-11D3-BF4B-00C04F79EFBC}") = "RengliDatagridView", "RengliDatagridView\RengliDatagridView.csproj", "{4C29F360-3802-4E3F-815A-238915DF5350}"
EndProject
Global
	GlobalSection(SolutionConfigurationPlatforms) = preSolution
		Debug|Any CPU = Debug|Any CPU
		Release|Any CPU = Release|Any CPU
	EndGlobalSection
	GlobalSection(ProjectConfigurationPlatforms) = postSolution
		{4C29F360-3802-4E3F-815A-238915DF5350}.Debug|Any CPU.ActiveCfg = Debug|Any CPU
		{4C29F360-3802-4E3F-815A-238915DF5350}.Debug|Any CPU.Build.0 = Debug|Any CPU
		{4C29F360-3802-4E3F-815A-238915DF5350}.Release|Any CPU.ActiveCfg = Release|Any CPU
		{4C29F360-3802-4E3F-815A-238915DF5350}.Release|Any CPU.Build.0 = Release|Any CPU
	EndGlobalSection
	GlobalSection(SolutionProperties) = preSolution
		HideSolutionNode = FALSE
	EndGlobalSection
	GlobalSection(ExtensibilityGlobals) = postSolution
		SolutionGuid = {7F44D89F-07C6-450B-BC12-3377D27A1E0C}
	EndGlobalSection
EndGlobal
