
Microsoft Visual Studio Solution File, Format Version 12.00
# Visual Studio 15
VisualStudioVersion = 15.0.28307.329
MinimumVisualStudioVersion = 10.0.40219.1
Project("{FAE04EC0-301F-11D3-BF4B-00C04F79EFBC}") = "listde axtarma", "listde axtarma\listde axtarma.csproj", "{4637A903-4DA2-4660-BC3C-FF1B47DB6079}"
EndProject
Global
	GlobalSection(SolutionConfigurationPlatforms) = preSolution
		Debug|Any CPU = Debug|Any CPU
		Release|Any CPU = Release|Any CPU
	EndGlobalSection
	GlobalSection(ProjectConfigurationPlatforms) = postSolution
		{4637A903-4DA2-4660-BC3C-FF1B47DB6079}.Debug|Any CPU.ActiveCfg = Debug|Any CPU
		{4637A903-4DA2-4660-BC3C-FF1B47DB6079}.Debug|Any CPU.Build.0 = Debug|Any CPU
		{4637A903-4DA2-4660-BC3C-FF1B47DB6079}.Release|Any CPU.ActiveCfg = Release|Any CPU
		{4637A903-4DA2-4660-BC3C-FF1B47DB6079}.Release|Any CPU.Build.0 = Release|Any CPU
	EndGlobalSection
	GlobalSection(SolutionProperties) = preSolution
		HideSolutionNode = FALSE
	EndGlobalSection
	GlobalSection(ExtensibilityGlobals) = postSolution
		SolutionGuid = {D9D41E92-01F8-4849-B7A0-FC21283C2333}
	EndGlobalSection
EndGlobal
