
Microsoft Visual Studio Solution File, Format Version 12.00
# Visual Studio Version 16
VisualStudioVersion = 16.0.30804.86
MinimumVisualStudioVersion = 10.0.40219.1
Project("{FAE04EC0-301F-11D3-BF4B-00C04F79EFBC}") = "Chart_Graph", "Chart_Graph\Chart_Graph.csproj", "{545874DE-6369-424C-BE87-798CA92DEAAE}"
EndProject
Global
	GlobalSection(SolutionConfigurationPlatforms) = preSolution
		Debug|Any CPU = Debug|Any CPU
		Release|Any CPU = Release|Any CPU
	EndGlobalSection
	GlobalSection(ProjectConfigurationPlatforms) = postSolution
		{545874DE-6369-424C-BE87-798CA92DEAAE}.Debug|Any CPU.ActiveCfg = Debug|Any CPU
		{545874DE-6369-424C-BE87-798CA92DEAAE}.Debug|Any CPU.Build.0 = Debug|Any CPU
		{545874DE-6369-424C-BE87-798CA92DEAAE}.Release|Any CPU.ActiveCfg = Release|Any CPU
		{545874DE-6369-424C-BE87-798CA92DEAAE}.Release|Any CPU.Build.0 = Release|Any CPU
	EndGlobalSection
	GlobalSection(SolutionProperties) = preSolution
		HideSolutionNode = FALSE
	EndGlobalSection
	GlobalSection(ExtensibilityGlobals) = postSolution
		SolutionGuid = {7A8AE276-5393-4B01-8616-2FFE18E1F2C3}
	EndGlobalSection
EndGlobal
