
Microsoft Visual Studio Solution File, Format Version 12.00
# Visual Studio 15
VisualStudioVersion = 15.0.28307.329
MinimumVisualStudioVersion = 10.0.40219.1
Project("{FAE04EC0-301F-11D3-BF4B-00C04F79EFBC}") = "Timer2", "Timer2\Timer2.csproj", "{D2F28EF7-ED2A-47E8-A39F-2E941D0B5537}"
EndProject
Global
	GlobalSection(SolutionConfigurationPlatforms) = preSolution
		Debug|Any CPU = Debug|Any CPU
		Release|Any CPU = Release|Any CPU
	EndGlobalSection
	GlobalSection(ProjectConfigurationPlatforms) = postSolution
		{D2F28EF7-ED2A-47E8-A39F-2E941D0B5537}.Debug|Any CPU.ActiveCfg = Debug|Any CPU
		{D2F28EF7-ED2A-47E8-A39F-2E941D0B5537}.Debug|Any CPU.Build.0 = Debug|Any CPU
		{D2F28EF7-ED2A-47E8-A39F-2E941D0B5537}.Release|Any CPU.ActiveCfg = Release|Any CPU
		{D2F28EF7-ED2A-47E8-A39F-2E941D0B5537}.Release|Any CPU.Build.0 = Release|Any CPU
	EndGlobalSection
	GlobalSection(SolutionProperties) = preSolution
		HideSolutionNode = FALSE
	EndGlobalSection
	GlobalSection(ExtensibilityGlobals) = postSolution
		SolutionGuid = {F097526A-139B-4186-B20A-26924B7FA74B}
	EndGlobalSection
EndGlobal
