
Microsoft Visual Studio Solution File, Format Version 12.00
# Visual Studio Version 16
VisualStudioVersion = 16.0.30804.86
MinimumVisualStudioVersion = 10.0.40219.1
Project("{FAE04EC0-301F-11D3-BF4B-00C04F79EFBC}") = "DataSet", "DataSet\DataSet.csproj", "{CE563B51-27B4-49AD-A4C0-685E1B6EE808}"
EndProject
Global
	GlobalSection(SolutionConfigurationPlatforms) = preSolution
		Debug|Any CPU = Debug|Any CPU
		Release|Any CPU = Release|Any CPU
	EndGlobalSection
	GlobalSection(ProjectConfigurationPlatforms) = postSolution
		{CE563B51-27B4-49AD-A4C0-685E1B6EE808}.Debug|Any CPU.ActiveCfg = Debug|Any CPU
		{CE563B51-27B4-49AD-A4C0-685E1B6EE808}.Debug|Any CPU.Build.0 = Debug|Any CPU
		{CE563B51-27B4-49AD-A4C0-685E1B6EE808}.Release|Any CPU.ActiveCfg = Release|Any CPU
		{CE563B51-27B4-49AD-A4C0-685E1B6EE808}.Release|Any CPU.Build.0 = Release|Any CPU
	EndGlobalSection
	GlobalSection(SolutionProperties) = preSolution
		HideSolutionNode = FALSE
	EndGlobalSection
	GlobalSection(ExtensibilityGlobals) = postSolution
		SolutionGuid = {0A511768-7906-46FF-81A9-78CEC47649D4}
	EndGlobalSection
EndGlobal
