
Microsoft Visual Studio Solution File, Format Version 12.00
# Visual Studio Version 16
VisualStudioVersion = 16.0.30804.86
MinimumVisualStudioVersion = 10.0.40219.1
Project("{FAE04EC0-301F-11D3-BF4B-00C04F79EFBC}") = "Dapper_DataSave", "Dapper_DataSave\Dapper_DataSave.csproj", "{3B475BC3-FCB5-41EA-A913-723BA087F931}"
EndProject
Global
	GlobalSection(SolutionConfigurationPlatforms) = preSolution
		Debug|Any CPU = Debug|Any CPU
		Release|Any CPU = Release|Any CPU
	EndGlobalSection
	GlobalSection(ProjectConfigurationPlatforms) = postSolution
		{3B475BC3-FCB5-41EA-A913-723BA087F931}.Debug|Any CPU.ActiveCfg = Debug|Any CPU
		{3B475BC3-FCB5-41EA-A913-723BA087F931}.Debug|Any CPU.Build.0 = Debug|Any CPU
		{3B475BC3-FCB5-41EA-A913-723BA087F931}.Release|Any CPU.ActiveCfg = Release|Any CPU
		{3B475BC3-FCB5-41EA-A913-723BA087F931}.Release|Any CPU.Build.0 = Release|Any CPU
	EndGlobalSection
	GlobalSection(SolutionProperties) = preSolution
		HideSolutionNode = FALSE
	EndGlobalSection
	GlobalSection(ExtensibilityGlobals) = postSolution
		SolutionGuid = {92CC39A7-AC61-4950-B29E-F69188263712}
	EndGlobalSection
EndGlobal
