
Microsoft Visual Studio Solution File, Format Version 12.00
# Visual Studio Version 16
VisualStudioVersion = 16.0.30804.86
MinimumVisualStudioVersion = 10.0.40219.1
Project("{FAE04EC0-301F-11D3-BF4B-00C04F79EFBC}") = "Ders_23_DatabaseSekilElaveEtmeVeOxuma", "Ders_23_DatabaseSekilElaveEtmeVeOxuma\Ders_23_DatabaseSekilElaveEtmeVeOxuma.csproj", "{72E57B4F-2CCE-4D91-A2B9-AA1A87F77EFF}"
EndProject
Global
	GlobalSection(SolutionConfigurationPlatforms) = preSolution
		Debug|Any CPU = Debug|Any CPU
		Release|Any CPU = Release|Any CPU
	EndGlobalSection
	GlobalSection(ProjectConfigurationPlatforms) = postSolution
		{72E57B4F-2CCE-4D91-A2B9-AA1A87F77EFF}.Debug|Any CPU.ActiveCfg = Debug|Any CPU
		{72E57B4F-2CCE-4D91-A2B9-AA1A87F77EFF}.Debug|Any CPU.Build.0 = Debug|Any CPU
		{72E57B4F-2CCE-4D91-A2B9-AA1A87F77EFF}.Release|Any CPU.ActiveCfg = Release|Any CPU
		{72E57B4F-2CCE-4D91-A2B9-AA1A87F77EFF}.Release|Any CPU.Build.0 = Release|Any CPU
	EndGlobalSection
	GlobalSection(SolutionProperties) = preSolution
		HideSolutionNode = FALSE
	EndGlobalSection
	GlobalSection(ExtensibilityGlobals) = postSolution
		SolutionGuid = {B89573E3-E8AE-4EF9-A54C-7E5AD5402A9B}
	EndGlobalSection
EndGlobal
