
Microsoft Visual Studio Solution File, Format Version 12.00
# Visual Studio 15
VisualStudioVersion = 15.0.28307.329
MinimumVisualStudioVersion = 10.0.40219.1
Project("{FAE04EC0-301F-11D3-BF4B-00C04F79EFBC}") = "RuntimeControls", "RuntimeControls\RuntimeControls.csproj", "{C00EAB47-62D4-4B57-A023-9C26BF80F948}"
EndProject
Global
	GlobalSection(SolutionConfigurationPlatforms) = preSolution
		Debug|Any CPU = Debug|Any CPU
		Release|Any CPU = Release|Any CPU
	EndGlobalSection
	GlobalSection(ProjectConfigurationPlatforms) = postSolution
		{C00EAB47-62D4-4B57-A023-9C26BF80F948}.Debug|Any CPU.ActiveCfg = Debug|Any CPU
		{C00EAB47-62D4-4B57-A023-9C26BF80F948}.Debug|Any CPU.Build.0 = Debug|Any CPU
		{C00EAB47-62D4-4B57-A023-9C26BF80F948}.Release|Any CPU.ActiveCfg = Release|Any CPU
		{C00EAB47-62D4-4B57-A023-9C26BF80F948}.Release|Any CPU.Build.0 = Release|Any CPU
	EndGlobalSection
	GlobalSection(SolutionProperties) = preSolution
		HideSolutionNode = FALSE
	EndGlobalSection
	GlobalSection(ExtensibilityGlobals) = postSolution
		SolutionGuid = {CD25E811-7D38-40F6-ADF5-0737C2B23CDC}
	EndGlobalSection
EndGlobal
