
Microsoft Visual Studio Solution File, Format Version 12.00
# Visual Studio 15
VisualStudioVersion = 15.0.28307.329
MinimumVisualStudioVersion = 10.0.40219.1
Project("{FAE04EC0-301F-11D3-BF4B-00C04F79EFBC}") = "Otabus Otomosyonu", "Otabus Otomosyonu\Otabus Otomosyonu.csproj", "{4C8A63BB-A303-45D9-949A-CA3604739386}"
EndProject
Global
	GlobalSection(SolutionConfigurationPlatforms) = preSolution
		Debug|Any CPU = Debug|Any CPU
		Release|Any CPU = Release|Any CPU
	EndGlobalSection
	GlobalSection(ProjectConfigurationPlatforms) = postSolution
		{4C8A63BB-A303-45D9-949A-CA3604739386}.Debug|Any CPU.ActiveCfg = Debug|Any CPU
		{4C8A63BB-A303-45D9-949A-CA3604739386}.Debug|Any CPU.Build.0 = Debug|Any CPU
		{4C8A63BB-A303-45D9-949A-CA3604739386}.Release|Any CPU.ActiveCfg = Release|Any CPU
		{4C8A63BB-A303-45D9-949A-CA3604739386}.Release|Any CPU.Build.0 = Release|Any CPU
	EndGlobalSection
	GlobalSection(SolutionProperties) = preSolution
		HideSolutionNode = FALSE
	EndGlobalSection
	GlobalSection(ExtensibilityGlobals) = postSolution
		SolutionGuid = {1FA5C502-CDA8-4244-A65C-A23B41C0C30D}
	EndGlobalSection
EndGlobal
