
Microsoft Visual Studio Solution File, Format Version 12.00
# Visual Studio Version 16
VisualStudioVersion = 16.0.30804.86
MinimumVisualStudioVersion = 10.0.40219.1
Project("{FAE04EC0-301F-11D3-BF4B-00C04F79EFBC}") = "Speech_SesliOxuma", "Speech_SesliOxuma\Speech_SesliOxuma.csproj", "{5B777AE9-02A6-457B-A709-61D0DC49C651}"
EndProject
Global
	GlobalSection(SolutionConfigurationPlatforms) = preSolution
		Debug|Any CPU = Debug|Any CPU
		Release|Any CPU = Release|Any CPU
	EndGlobalSection
	GlobalSection(ProjectConfigurationPlatforms) = postSolution
		{5B777AE9-02A6-457B-A709-61D0DC49C651}.Debug|Any CPU.ActiveCfg = Debug|Any CPU
		{5B777AE9-02A6-457B-A709-61D0DC49C651}.Debug|Any CPU.Build.0 = Debug|Any CPU
		{5B777AE9-02A6-457B-A709-61D0DC49C651}.Release|Any CPU.ActiveCfg = Release|Any CPU
		{5B777AE9-02A6-457B-A709-61D0DC49C651}.Release|Any CPU.Build.0 = Release|Any CPU
	EndGlobalSection
	GlobalSection(SolutionProperties) = preSolution
		HideSolutionNode = FALSE
	EndGlobalSection
	GlobalSection(ExtensibilityGlobals) = postSolution
		SolutionGuid = {D830AD66-03D1-4A05-95E1-E6A87E0067D6}
	EndGlobalSection
EndGlobal
